
Microsoft Visual Studio Solution File, Format Version 12.00
# Visual Studio Version 17
VisualStudioVersion = 17.7.34202.233
MinimumVisualStudioVersion = 10.0.40219.1
Project("{FAE04EC0-301F-11D3-BF4B-00C04F79EFBC}") = "ConferenceParticipantsRegistration", "ConferenceParticipantsRegistration\ConferenceParticipantsRegistration.csproj", "{CA3D572A-C874-4A19-9A63-55F17F5B00F7}"
EndProject
Project("{FAE04EC0-301F-11D3-BF4B-00C04F79EFBC}") = "ConferenceParticipantsRegistration.Tests", "ConferenceParticipantsRegistration.Tests\ConferenceParticipantsRegistration.Tests.csproj", "{47E7E273-8DF1-46C8-8982-8642456CAD54}"
EndProject
Global
	GlobalSection(SolutionConfigurationPlatforms) = preSolution
		Debug|Any CPU = Debug|Any CPU
		Release|Any CPU = Release|Any CPU
	EndGlobalSection
	GlobalSection(ProjectConfigurationPlatforms) = postSolution
		{CA3D572A-C874-4A19-9A63-55F17F5B00F7}.Debug|Any CPU.ActiveCfg = Debug|Any CPU
		{CA3D572A-C874-4A19-9A63-55F17F5B00F7}.Debug|Any CPU.Build.0 = Debug|Any CPU
		{CA3D572A-C874-4A19-9A63-55F17F5B00F7}.Release|Any CPU.ActiveCfg = Release|Any CPU
		{CA3D572A-C874-4A19-9A63-55F17F5B00F7}.Release|Any CPU.Build.0 = Release|Any CPU
		{47E7E273-8DF1-46C8-8982-8642456CAD54}.Debug|Any CPU.ActiveCfg = Debug|Any CPU
		{47E7E273-8DF1-46C8-8982-8642456CAD54}.Debug|Any CPU.Build.0 = Debug|Any CPU
		{47E7E273-8DF1-46C8-8982-8642456CAD54}.Release|Any CPU.ActiveCfg = Release|Any CPU
		{47E7E273-8DF1-46C8-8982-8642456CAD54}.Release|Any CPU.Build.0 = Release|Any CPU
	EndGlobalSection
	GlobalSection(SolutionProperties) = preSolution
		HideSolutionNode = FALSE
	EndGlobalSection
	GlobalSection(ExtensibilityGlobals) = postSolution
		SolutionGuid = {9E82933C-E051-4AA3-8804-D0F53C720B0B}
	EndGlobalSection
EndGlobal
