
Microsoft Visual Studio Solution File, Format Version 12.00
# Visual Studio Version 17
VisualStudioVersion = 17.7.34202.233
MinimumVisualStudioVersion = 10.0.40219.1
Project("{FAE04EC0-301F-11D3-BF4B-00C04F79EFBC}") = "ConferenceRegistration", "ConferenceRegistration\ConferenceRegistration.csproj", "{9C4ACCCE-D14F-4905-94D4-64DB989E3A3A}"
EndProject
Global
	GlobalSection(SolutionConfigurationPlatforms) = preSolution
		Debug|Any CPU = Debug|Any CPU
		Release|Any CPU = Release|Any CPU
	EndGlobalSection
	GlobalSection(ProjectConfigurationPlatforms) = postSolution
		{9C4ACCCE-D14F-4905-94D4-64DB989E3A3A}.Debug|Any CPU.ActiveCfg = Debug|Any CPU
		{9C4ACCCE-D14F-4905-94D4-64DB989E3A3A}.Debug|Any CPU.Build.0 = Debug|Any CPU
		{9C4ACCCE-D14F-4905-94D4-64DB989E3A3A}.Release|Any CPU.ActiveCfg = Release|Any CPU
		{9C4ACCCE-D14F-4905-94D4-64DB989E3A3A}.Release|Any CPU.Build.0 = Release|Any CPU
	EndGlobalSection
	GlobalSection(SolutionProperties) = preSolution
		HideSolutionNode = FALSE
	EndGlobalSection
	GlobalSection(ExtensibilityGlobals) = postSolution
		SolutionGuid = {9E82933C-E051-4AA3-8804-D0F53C720B0B}
	EndGlobalSection
EndGlobal
